
Microsoft Visual Studio Solution File, Format Version 12.00
# Visual Studio Version 16
VisualStudioVersion = 16.0.30804.86
MinimumVisualStudioVersion = 10.0.40219.1
Project("{FAE04EC0-301F-11D3-BF4B-00C04F79EFBC}") = "runningboy test", "runningboy test.csproj", "{1C0C2B80-EAA4-49BB-A96D-87EF134E01B0}"
EndProject
Global
	GlobalSection(SolutionConfigurationPlatforms) = preSolution
		Debug|Any CPU = Debug|Any CPU
		Release|Any CPU = Release|Any CPU
	EndGlobalSection
	GlobalSection(ProjectConfigurationPlatforms) = postSolution
		{1C0C2B80-EAA4-49BB-A96D-87EF134E01B0}.Debug|Any CPU.ActiveCfg = Debug|Any CPU
		{1C0C2B80-EAA4-49BB-A96D-87EF134E01B0}.Debug|Any CPU.Build.0 = Debug|Any CPU
		{1C0C2B80-EAA4-49BB-A96D-87EF134E01B0}.Release|Any CPU.ActiveCfg = Release|Any CPU
		{1C0C2B80-EAA4-49BB-A96D-87EF134E01B0}.Release|Any CPU.Build.0 = Release|Any CPU
	EndGlobalSection
	GlobalSection(SolutionProperties) = preSolution
		HideSolutionNode = FALSE
	EndGlobalSection
	GlobalSection(ExtensibilityGlobals) = postSolution
		SolutionGuid = {F01A431B-6F5F-49FE-8325-FB905CA94C3B}
	EndGlobalSection
EndGlobal
